
Microsoft Visual Studio Solution File, Format Version 12.00
# Visual Studio Version 17
VisualStudioVersion = 17.8.34330.188
MinimumVisualStudioVersion = 10.0.40219.1
Project("{FAE04EC0-301F-11D3-BF4B-00C04F79EFBC}") = "Homework 17", "Homework 17\Homework 17.csproj", "{3367B1FE-1CCD-4497-BA16-6F7A239CF8BC}"
EndProject
Project("{FAE04EC0-301F-11D3-BF4B-00C04F79EFBC}") = "City", "City\City.csproj", "{3A2DC715-A56F-411A-B780-BBA6F6B4D642}"
EndProject
Project("{FAE04EC0-301F-11D3-BF4B-00C04F79EFBC}") = "ChinaCity", "ChinaCity\ChinaCity.csproj", "{F3948C57-9D25-441C-B3A7-414284AAFBC3}"
EndProject
Global
	GlobalSection(SolutionConfigurationPlatforms) = preSolution
		Debug|Any CPU = Debug|Any CPU
		Release|Any CPU = Release|Any CPU
	EndGlobalSection
	GlobalSection(ProjectConfigurationPlatforms) = postSolution
		{3367B1FE-1CCD-4497-BA16-6F7A239CF8BC}.Debug|Any CPU.ActiveCfg = Debug|Any CPU
		{3367B1FE-1CCD-4497-BA16-6F7A239CF8BC}.Debug|Any CPU.Build.0 = Debug|Any CPU
		{3367B1FE-1CCD-4497-BA16-6F7A239CF8BC}.Release|Any CPU.ActiveCfg = Release|Any CPU
		{3367B1FE-1CCD-4497-BA16-6F7A239CF8BC}.Release|Any CPU.Build.0 = Release|Any CPU
		{3A2DC715-A56F-411A-B780-BBA6F6B4D642}.Debug|Any CPU.ActiveCfg = Debug|Any CPU
		{3A2DC715-A56F-411A-B780-BBA6F6B4D642}.Debug|Any CPU.Build.0 = Debug|Any CPU
		{3A2DC715-A56F-411A-B780-BBA6F6B4D642}.Release|Any CPU.ActiveCfg = Release|Any CPU
		{3A2DC715-A56F-411A-B780-BBA6F6B4D642}.Release|Any CPU.Build.0 = Release|Any CPU
		{F3948C57-9D25-441C-B3A7-414284AAFBC3}.Debug|Any CPU.ActiveCfg = Debug|Any CPU
		{F3948C57-9D25-441C-B3A7-414284AAFBC3}.Debug|Any CPU.Build.0 = Debug|Any CPU
		{F3948C57-9D25-441C-B3A7-414284AAFBC3}.Release|Any CPU.ActiveCfg = Release|Any CPU
		{F3948C57-9D25-441C-B3A7-414284AAFBC3}.Release|Any CPU.Build.0 = Release|Any CPU
	EndGlobalSection
	GlobalSection(SolutionProperties) = preSolution
		HideSolutionNode = FALSE
	EndGlobalSection
	GlobalSection(ExtensibilityGlobals) = postSolution
		SolutionGuid = {036AC9C7-0F52-4D1F-9D0B-7EB6F3479DFE}
	EndGlobalSection
EndGlobal
